### YamlMime:ManagedReference
items:
- uid: R_BlazorFrontEnd.Controls.Enums.R_eLockUnlock
  commentId: T:R_BlazorFrontEnd.Controls.Enums.R_eLockUnlock
  id: R_eLockUnlock
  parent: R_BlazorFrontEnd.Controls.Enums
  children:
  - R_BlazorFrontEnd.Controls.Enums.R_eLockUnlock.Lock
  - R_BlazorFrontEnd.Controls.Enums.R_eLockUnlock.Unlock
  langs:
  - csharp
  - vb
  name: R_eLockUnlock
  nameWithType: R_eLockUnlock
  fullName: R_BlazorFrontEnd.Controls.Enums.R_eLockUnlock
  type: Enum
  source:
    remote:
      path: Library/R_BlazorFrontEnd.Controls/Enums/R_eLockUnlock.cs
      branch: master
      repo: git@github.com:siholsihol/RealtaNetCoreLibrary.git
    id: R_eLockUnlock
    path: Library/R_BlazorFrontEnd.Controls/Enums/R_eLockUnlock.cs
    startLine: 2
  assemblies:
  - R_BlazorFrontEnd.Controls
  namespace: R_BlazorFrontEnd.Controls.Enums
  syntax:
    content: public enum R_eLockUnlock
    content.vb: Public Enum R_eLockUnlock
- uid: R_BlazorFrontEnd.Controls.Enums.R_eLockUnlock.Lock
  commentId: F:R_BlazorFrontEnd.Controls.Enums.R_eLockUnlock.Lock
  id: Lock
  parent: R_BlazorFrontEnd.Controls.Enums.R_eLockUnlock
  langs:
  - csharp
  - vb
  name: Lock
  nameWithType: R_eLockUnlock.Lock
  fullName: R_BlazorFrontEnd.Controls.Enums.R_eLockUnlock.Lock
  type: Field
  source:
    remote:
      path: Library/R_BlazorFrontEnd.Controls/Enums/R_eLockUnlock.cs
      branch: master
      repo: git@github.com:siholsihol/RealtaNetCoreLibrary.git
    id: Lock
    path: Library/R_BlazorFrontEnd.Controls/Enums/R_eLockUnlock.cs
    startLine: 4
  assemblies:
  - R_BlazorFrontEnd.Controls
  namespace: R_BlazorFrontEnd.Controls.Enums
  syntax:
    content: Lock = 0
    return:
      type: R_BlazorFrontEnd.Controls.Enums.R_eLockUnlock
- uid: R_BlazorFrontEnd.Controls.Enums.R_eLockUnlock.Unlock
  commentId: F:R_BlazorFrontEnd.Controls.Enums.R_eLockUnlock.Unlock
  id: Unlock
  parent: R_BlazorFrontEnd.Controls.Enums.R_eLockUnlock
  langs:
  - csharp
  - vb
  name: Unlock
  nameWithType: R_eLockUnlock.Unlock
  fullName: R_BlazorFrontEnd.Controls.Enums.R_eLockUnlock.Unlock
  type: Field
  source:
    remote:
      path: Library/R_BlazorFrontEnd.Controls/Enums/R_eLockUnlock.cs
      branch: master
      repo: git@github.com:siholsihol/RealtaNetCoreLibrary.git
    id: Unlock
    path: Library/R_BlazorFrontEnd.Controls/Enums/R_eLockUnlock.cs
    startLine: 5
  assemblies:
  - R_BlazorFrontEnd.Controls
  namespace: R_BlazorFrontEnd.Controls.Enums
  syntax:
    content: Unlock = 1
    return:
      type: R_BlazorFrontEnd.Controls.Enums.R_eLockUnlock
references:
- uid: R_BlazorFrontEnd.Controls.Enums
  commentId: N:R_BlazorFrontEnd.Controls.Enums
  href: R_BlazorFrontEnd.html
  name: R_BlazorFrontEnd.Controls.Enums
  nameWithType: R_BlazorFrontEnd.Controls.Enums
  fullName: R_BlazorFrontEnd.Controls.Enums
  spec.csharp:
  - uid: R_BlazorFrontEnd
    name: R_BlazorFrontEnd
    href: R_BlazorFrontEnd.html
  - name: .
  - uid: R_BlazorFrontEnd.Controls
    name: Controls
    href: R_BlazorFrontEnd.Controls.html
  - name: .
  - uid: R_BlazorFrontEnd.Controls.Enums
    name: Enums
    href: R_BlazorFrontEnd.Controls.Enums.html
  spec.vb:
  - uid: R_BlazorFrontEnd
    name: R_BlazorFrontEnd
    href: R_BlazorFrontEnd.html
  - name: .
  - uid: R_BlazorFrontEnd.Controls
    name: Controls
    href: R_BlazorFrontEnd.Controls.html
  - name: .
  - uid: R_BlazorFrontEnd.Controls.Enums
    name: Enums
    href: R_BlazorFrontEnd.Controls.Enums.html
- uid: R_BlazorFrontEnd.Controls.Enums.R_eLockUnlock
  commentId: T:R_BlazorFrontEnd.Controls.Enums.R_eLockUnlock
  parent: R_BlazorFrontEnd.Controls.Enums
  href: R_BlazorFrontEnd.Controls.Enums.R_eLockUnlock.html
  name: R_eLockUnlock
  nameWithType: R_eLockUnlock
  fullName: R_BlazorFrontEnd.Controls.Enums.R_eLockUnlock
